
Microsoft Visual Studio Solution File, Format Version 12.00
# Visual Studio Version 17
VisualStudioVersion = 17.4.33110.190
MinimumVisualStudioVersion = 10.0.40219.1
Project("{9A19103F-16F7-4668-BE54-9A1E7A4F7556}") = "JwtWebApi.Data", "JwtWebApi.Data\JwtWebApi.Data.csproj", "{3F149702-CBEF-4011-90D9-09AC6666C595}"
EndProject
Project("{9A19103F-16F7-4668-BE54-9A1E7A4F7556}") = "JwtWebApi.JwtCode", "JwtWebApi.JwtCode\JwtWebApi.JwtCode.csproj", "{5CE102A2-638E-43B0-9681-CCF03B31D790}"
EndProject
Project("{9A19103F-16F7-4668-BE54-9A1E7A4F7556}") = "JwtWebApi.Services", "JwtWebApi.Services\JwtWebApi.Services.csproj", "{7772EF3B-21B6-4218-B993-B012F3C0A918}"
EndProject
Project("{FAE04EC0-301F-11D3-BF4B-00C04F79EFBC}") = "SuperHeroAPI", "SuperHeroAPI\SuperHeroAPI.csproj", "{B51AA6CE-A304-4D11-868F-38C890A584D9}"
EndProject
Global
	GlobalSection(SolutionConfigurationPlatforms) = preSolution
		Debug|Any CPU = Debug|Any CPU
		Release|Any CPU = Release|Any CPU
	EndGlobalSection
	GlobalSection(ProjectConfigurationPlatforms) = postSolution
		{3F149702-CBEF-4011-90D9-09AC6666C595}.Debug|Any CPU.ActiveCfg = Debug|Any CPU
		{3F149702-CBEF-4011-90D9-09AC6666C595}.Debug|Any CPU.Build.0 = Debug|Any CPU
		{3F149702-CBEF-4011-90D9-09AC6666C595}.Release|Any CPU.ActiveCfg = Release|Any CPU
		{3F149702-CBEF-4011-90D9-09AC6666C595}.Release|Any CPU.Build.0 = Release|Any CPU
		{5CE102A2-638E-43B0-9681-CCF03B31D790}.Debug|Any CPU.ActiveCfg = Debug|Any CPU
		{5CE102A2-638E-43B0-9681-CCF03B31D790}.Debug|Any CPU.Build.0 = Debug|Any CPU
		{5CE102A2-638E-43B0-9681-CCF03B31D790}.Release|Any CPU.ActiveCfg = Release|Any CPU
		{5CE102A2-638E-43B0-9681-CCF03B31D790}.Release|Any CPU.Build.0 = Release|Any CPU
		{7772EF3B-21B6-4218-B993-B012F3C0A918}.Debug|Any CPU.ActiveCfg = Debug|Any CPU
		{7772EF3B-21B6-4218-B993-B012F3C0A918}.Debug|Any CPU.Build.0 = Debug|Any CPU
		{7772EF3B-21B6-4218-B993-B012F3C0A918}.Release|Any CPU.ActiveCfg = Release|Any CPU
		{7772EF3B-21B6-4218-B993-B012F3C0A918}.Release|Any CPU.Build.0 = Release|Any CPU
		{B51AA6CE-A304-4D11-868F-38C890A584D9}.Debug|Any CPU.ActiveCfg = Debug|Any CPU
		{B51AA6CE-A304-4D11-868F-38C890A584D9}.Debug|Any CPU.Build.0 = Debug|Any CPU
		{B51AA6CE-A304-4D11-868F-38C890A584D9}.Release|Any CPU.ActiveCfg = Release|Any CPU
		{B51AA6CE-A304-4D11-868F-38C890A584D9}.Release|Any CPU.Build.0 = Release|Any CPU
	EndGlobalSection
	GlobalSection(SolutionProperties) = preSolution
		HideSolutionNode = FALSE
	EndGlobalSection
	GlobalSection(ExtensibilityGlobals) = postSolution
		SolutionGuid = {889A6522-7C34-4E9F-890E-44FD659FA22C}
	EndGlobalSection
EndGlobal
